Microsoft Visual Studio Solution File, Format Version 12.00
# Visual Studio Version 17
VisualStudioVersion = 17.5.2.0
MinimumVisualStudioVersion = 10.0.40219.1
Project("{FAE04EC0-301F-11D3-BF4B-00C04F79EFBC}") = "console-mario", "console-mario.csproj", "{2FCECBB2-C2BD-2CB2-29AD-836C7B966C0D}"
EndProject
Global
	GlobalSection(SolutionConfigurationPlatforms) = preSolution
		Debug|Any CPU = Debug|Any CPU
		Release|Any CPU = Release|Any CPU
	EndGlobalSection
	GlobalSection(ProjectConfigurationPlatforms) = postSolution
		{2FCECBB2-C2BD-2CB2-29AD-836C7B966C0D}.Debug|Any CPU.ActiveCfg = Debug|Any CPU
		{2FCECBB2-C2BD-2CB2-29AD-836C7B966C0D}.Debug|Any CPU.Build.0 = Debug|Any CPU
		{2FCECBB2-C2BD-2CB2-29AD-836C7B966C0D}.Release|Any CPU.ActiveCfg = Release|Any CPU
		{2FCECBB2-C2BD-2CB2-29AD-836C7B966C0D}.Release|Any CPU.Build.0 = Release|Any CPU
	EndGlobalSection
	GlobalSection(SolutionProperties) = preSolution
		HideSolutionNode = FALSE
	EndGlobalSection
	GlobalSection(ExtensibilityGlobals) = postSolution
		SolutionGuid = {FF06DCC4-B483-402E-BDB8-BA94E8313AE9}
	EndGlobalSection
EndGlobal
